// !$*UTF8*$!
{
	archiveVersion = 1;
	classes = {
	};
	objectVersion = 50;
	objects = {

/* Begin PBXBuildFile section */
		8959A3D2225B49D800EC2EA1 /* AppStoreConnector.framework in Frameworks */ = {isa = PBXBuildFile; fileRef = 8959A3C8225B49D800EC2EA1 /* AppStoreConnector.framework */; };
		8959A3F5225B4C0300EC2EA1 /* ProjectTests.swift in Sources */ = {isa = PBXBuildFile; fileRef = 8959A3F4225B4C0300EC2EA1 /* ProjectTests.swift */; };
		8959A401225B9CF600EC2EA1 /* EC256PrivateKeyTests.swift in Sources */ = {isa = PBXBuildFile; fileRef = 8959A400225B9CF600EC2EA1 /* EC256PrivateKeyTests.swift */; };
		8959A403225BA11400EC2EA1 /* EC256PrivateKey.swift in Sources */ = {isa = PBXBuildFile; fileRef = 8959A402225BA11400EC2EA1 /* EC256PrivateKey.swift */; };
		8959A405225BAD9A00EC2EA1 /* AuthTokenGenerator.swift in Sources */ = {isa = PBXBuildFile; fileRef = 8959A404225BAD9A00EC2EA1 /* AuthTokenGenerator.swift */; };
		8959A407225BAF5100EC2EA1 /* TokenGeneratorTests.swift in Sources */ = {isa = PBXBuildFile; fileRef = 8959A406225BAF5100EC2EA1 /* TokenGeneratorTests.swift */; };
		8959A409225BAF7B00EC2EA1 /* SampleKey.swift in Sources */ = {isa = PBXBuildFile; fileRef = 8959A408225BAF7B00EC2EA1 /* SampleKey.swift */; };
		8959A40C225BE82100EC2EA1 /* Data+base64URLEncoded.swift in Sources */ = {isa = PBXBuildFile; fileRef = 8959A40B225BE82100EC2EA1 /* Data+base64URLEncoded.swift */; };
		89D1E545225E105900342450 /* IntegrationTests.swift in Sources */ = {isa = PBXBuildFile; fileRef = 89D1E544225E105900342450 /* IntegrationTests.swift */; };
		89D1E547225E157800342450 /* RxBlocking.framework in Frameworks */ = {isa = PBXBuildFile; fileRef = 89D1E546225E157800342450 /* RxBlocking.framework */; };
		89D1E54A225E19B300342450 /* Connection.swift in Sources */ = {isa = PBXBuildFile; fileRef = 89D1E549225E19B300342450 /* Connection.swift */; };
		89D1E54D225E1AD300342450 /* Mutating.swift in Sources */ = {isa = PBXBuildFile; fileRef = 89D1E54C225E1AD300342450 /* Mutating.swift */; };
		89D1E550225E1E4000342450 /* AuthenticatedRequestGenerator.swift in Sources */ = {isa = PBXBuildFile; fileRef = 89D1E54F225E1E4000342450 /* AuthenticatedRequestGenerator.swift */; };
		89D1E552225E1EE200342450 /* AuthenticatedRequestGeneratorTests.swift in Sources */ = {isa = PBXBuildFile; fileRef = 89D1E551225E1EE200342450 /* AuthenticatedRequestGeneratorTests.swift */; };
		89D1E554225E2C9400342450 /* NetworkingDelegate.swift in Sources */ = {isa = PBXBuildFile; fileRef = 89D1E553225E2C9400342450 /* NetworkingDelegate.swift */; };
		89D1E556225E2E4700342450 /* ConnectionTests.swift in Sources */ = {isa = PBXBuildFile; fileRef = 89D1E555225E2E4700342450 /* ConnectionTests.swift */; };
		89D1E558225E2E8200342450 /* RequestGenerator.swift in Sources */ = {isa = PBXBuildFile; fileRef = 89D1E557225E2E8200342450 /* RequestGenerator.swift */; };
		89D7EDA2225C61E40095007B /* ES256Signature.swift in Sources */ = {isa = PBXBuildFile; fileRef = 89D7EDA1225C61E40095007B /* ES256Signature.swift */; };
		89D7EDA4225C98F90095007B /* ASN1Scanner.swift in Sources */ = {isa = PBXBuildFile; fileRef = 89D7EDA3225C98F90095007B /* ASN1Scanner.swift */; };
		89D7EDA8225CC6C30095007B /* RxAtomic.framework in Frameworks */ = {isa = PBXBuildFile; fileRef = 89D7EDA7225CC6C30095007B /* RxAtomic.framework */; };
		89D7EDAA225CC6C30095007B /* RxCocoa.framework in Frameworks */ = {isa = PBXBuildFile; fileRef = 89D7EDA9225CC6C30095007B /* RxCocoa.framework */; };
		89D7EDAC225CC6C30095007B /* RxSwift.framework in Frameworks */ = {isa = PBXBuildFile; fileRef = 89D7EDAB225CC6C30095007B /* RxSwift.framework */; };
/* End PBXBuildFile section */

/* Begin PBXContainerItemProxy section */
		8959A3D3225B49D800EC2EA1 /* PBXContainerItemProxy */ = {
			isa = PBXContainerItemProxy;
			containerPortal = 8959A3BF225B49D800EC2EA1 /* Project object */;
			proxyType = 1;
			remoteGlobalIDString = 8959A3C7225B49D800EC2EA1;
			remoteInfo = AppStoreConnector;
		};
/* End PBXContainerItemProxy section */

/* Begin PBXFileReference section */
		8959A3C8225B49D800EC2EA1 /* AppStoreConnector.framework */ = {isa = PBXFileReference; explicitFileType = wrapper.framework; includeInIndex = 0; path = AppStoreConnector.framework; sourceTree = BUILT_PRODUCTS_DIR; };
		8959A3CC225B49D800EC2EA1 /* Info.plist */ = {isa = PBXFileReference; lastKnownFileType = text.plist.xml; path = Info.plist; sourceTree = "<group>"; };
		8959A3D1225B49D800EC2EA1 /* AppStoreConnectorTests.xctest */ = {isa = PBXFileReference; explicitFileType = wrapper.cfbundle; includeInIndex = 0; path = AppStoreConnectorTests.xctest; sourceTree = BUILT_PRODUCTS_DIR; };
		8959A3D8225B49D800EC2EA1 /* Info.plist */ = {isa = PBXFileReference; lastKnownFileType = text.plist.xml; path = Info.plist; sourceTree = "<group>"; };
		8959A3E4225B4ADE00EC2EA1 /* Debug.xcconfig */ = {isa = PBXFileReference; lastKnownFileType = text.xcconfig; path = Debug.xcconfig; sourceTree = "<group>"; };
		8959A3E5225B4ADE00EC2EA1 /* Release.xcconfig */ = {isa = PBXFileReference; lastKnownFileType = text.xcconfig; path = Release.xcconfig; sourceTree = "<group>"; };
		8959A3E7225B4ADE00EC2EA1 /* OSX.xcconfig */ = {isa = PBXFileReference; lastKnownFileType = text.xcconfig; path = OSX.xcconfig; sourceTree = "<group>"; };
		8959A3E8225B4ADE00EC2EA1 /* iOS.xcconfig */ = {isa = PBXFileReference; lastKnownFileType = text.xcconfig; path = iOS.xcconfig; sourceTree = "<group>"; };
		8959A3EA225B4ADE00EC2EA1 /* App.xcconfig */ = {isa = PBXFileReference; lastKnownFileType = text.xcconfig; path = App.xcconfig; sourceTree = "<group>"; };
		8959A3EB225B4ADE00EC2EA1 /* Framework.xcconfig */ = {isa = PBXFileReference; lastKnownFileType = text.xcconfig; path = Framework.xcconfig; sourceTree = "<group>"; };
		8959A3EC225B4ADE00EC2EA1 /* UITest.xcconfig */ = {isa = PBXFileReference; lastKnownFileType = text.xcconfig; path = UITest.xcconfig; sourceTree = "<group>"; };
		8959A3ED225B4ADE00EC2EA1 /* Test.xcconfig */ = {isa = PBXFileReference; lastKnownFileType = text.xcconfig; path = Test.xcconfig; sourceTree = "<group>"; };
		8959A3EE225B4ADE00EC2EA1 /* Version.xcconfig */ = {isa = PBXFileReference; lastKnownFileType = text.xcconfig; path = Version.xcconfig; sourceTree = "<group>"; };
		8959A3EF225B4ADE00EC2EA1 /* Project.xcconfig */ = {isa = PBXFileReference; lastKnownFileType = text.xcconfig; path = Project.xcconfig; sourceTree = "<group>"; };
		8959A3F2225B4B8200EC2EA1 /* AppStoreConnector.xcconfig */ = {isa = PBXFileReference; lastKnownFileType = text.xcconfig; path = AppStoreConnector.xcconfig; sourceTree = "<group>"; };
		8959A3F4225B4C0300EC2EA1 /* ProjectTests.swift */ = {isa = PBXFileReference; fileEncoding = 4; lastKnownFileType = sourcecode.swift; path = ProjectTests.swift; sourceTree = "<group>"; };
		8959A3F7225B4C8F00EC2EA1 /* AppStoreConnectorTests.xcconfig */ = {isa = PBXFileReference; lastKnownFileType = text.xcconfig; path = AppStoreConnectorTests.xcconfig; sourceTree = "<group>"; };
		8959A400225B9CF600EC2EA1 /* EC256PrivateKeyTests.swift */ = {isa = PBXFileReference; lastKnownFileType = sourcecode.swift; path = EC256PrivateKeyTests.swift; sourceTree = "<group>"; };
		8959A402225BA11400EC2EA1 /* EC256PrivateKey.swift */ = {isa = PBXFileReference; lastKnownFileType = sourcecode.swift; path = EC256PrivateKey.swift; sourceTree = "<group>"; };
		8959A404225BAD9A00EC2EA1 /* AuthTokenGenerator.swift */ = {isa = PBXFileReference; lastKnownFileType = sourcecode.swift; path = AuthTokenGenerator.swift; sourceTree = "<group>"; };
		8959A406225BAF5100EC2EA1 /* TokenGeneratorTests.swift */ = {isa = PBXFileReference; lastKnownFileType = sourcecode.swift; path = TokenGeneratorTests.swift; sourceTree = "<group>"; };
		8959A408225BAF7B00EC2EA1 /* SampleKey.swift */ = {isa = PBXFileReference; lastKnownFileType = sourcecode.swift; path = SampleKey.swift; sourceTree = "<group>"; };
		8959A40B225BE82100EC2EA1 /* Data+base64URLEncoded.swift */ = {isa = PBXFileReference; lastKnownFileType = sourcecode.swift; path = "Data+base64URLEncoded.swift"; sourceTree = "<group>"; };
		89D1E544225E105900342450 /* IntegrationTests.swift */ = {isa = PBXFileReference; lastKnownFileType = sourcecode.swift; path = IntegrationTests.swift; sourceTree = "<group>"; };
		89D1E546225E157800342450 /* RxBlocking.framework */ = {isa = PBXFileReference; explicitFileType = wrapper.framework; path = RxBlocking.framework; sourceTree = BUILT_PRODUCTS_DIR; };
		89D1E549225E19B300342450 /* Connection.swift */ = {isa = PBXFileReference; lastKnownFileType = sourcecode.swift; path = Connection.swift; sourceTree = "<group>"; };
		89D1E54C225E1AD300342450 /* Mutating.swift */ = {isa = PBXFileReference; fileEncoding = 4; lastKnownFileType = sourcecode.swift; path = Mutating.swift; sourceTree = "<group>"; };
		89D1E54F225E1E4000342450 /* AuthenticatedRequestGenerator.swift */ = {isa = PBXFileReference; lastKnownFileType = sourcecode.swift; path = AuthenticatedRequestGenerator.swift; sourceTree = "<group>"; };
		89D1E551225E1EE200342450 /* AuthenticatedRequestGeneratorTests.swift */ = {isa = PBXFileReference; lastKnownFileType = sourcecode.swift; path = AuthenticatedRequestGeneratorTests.swift; sourceTree = "<group>"; };
		89D1E553225E2C9400342450 /* NetworkingDelegate.swift */ = {isa = PBXFileReference; lastKnownFileType = sourcecode.swift; path = NetworkingDelegate.swift; sourceTree = "<group>"; };
		89D1E555225E2E4700342450 /* ConnectionTests.swift */ = {isa = PBXFileReference; lastKnownFileType = sourcecode.swift; path = ConnectionTests.swift; sourceTree = "<group>"; };
		89D1E557225E2E8200342450 /* RequestGenerator.swift */ = {isa = PBXFileReference; lastKnownFileType = sourcecode.swift; path = RequestGenerator.swift; sourceTree = "<group>"; };
		89D7EDA1225C61E40095007B /* ES256Signature.swift */ = {isa = PBXFileReference; lastKnownFileType = sourcecode.swift; path = ES256Signature.swift; sourceTree = "<group>"; };
		89D7EDA3225C98F90095007B /* ASN1Scanner.swift */ = {isa = PBXFileReference; lastKnownFileType = sourcecode.swift; path = ASN1Scanner.swift; sourceTree = "<group>"; };
		89D7EDA5225CC3950095007B /* All.xcconfig */ = {isa = PBXFileReference; lastKnownFileType = text.xcconfig; path = All.xcconfig; sourceTree = "<group>"; };
		89D7EDA7225CC6C30095007B /* RxAtomic.framework */ = {isa = PBXFileReference; explicitFileType = wrapper.framework; path = RxAtomic.framework; sourceTree = BUILT_PRODUCTS_DIR; };
		89D7EDA9225CC6C30095007B /* RxCocoa.framework */ = {isa = PBXFileReference; explicitFileType = wrapper.framework; path = RxCocoa.framework; sourceTree = BUILT_PRODUCTS_DIR; };
		89D7EDAB225CC6C30095007B /* RxSwift.framework */ = {isa = PBXFileReference; explicitFileType = wrapper.framework; path = RxSwift.framework; sourceTree = BUILT_PRODUCTS_DIR; };
/* End PBXFileReference section */

/* Begin PBXFrameworksBuildPhase section */
		8959A3C5225B49D800EC2EA1 /* Frameworks */ = {
			isa = PBXFrameworksBuildPhase;
			buildActionMask = 2147483647;
			files = (
				89D7EDA8225CC6C30095007B /* RxAtomic.framework in Frameworks */,
				89D7EDAA225CC6C30095007B /* RxCocoa.framework in Frameworks */,
				89D7EDAC225CC6C30095007B /* RxSwift.framework in Frameworks */,
			);
			runOnlyForDeploymentPostprocessing = 0;
		};
		8959A3CE225B49D800EC2EA1 /* Frameworks */ = {
			isa = PBXFrameworksBuildPhase;
			buildActionMask = 2147483647;
			files = (
				89D1E547225E157800342450 /* RxBlocking.framework in Frameworks */,
				8959A3D2225B49D800EC2EA1 /* AppStoreConnector.framework in Frameworks */,
			);
			runOnlyForDeploymentPostprocessing = 0;
		};
/* End PBXFrameworksBuildPhase section */

/* Begin PBXGroup section */
		8959A3BE225B49D800EC2EA1 = {
			isa = PBXGroup;
			children = (
				8959A3CA225B49D800EC2EA1 /* AppStoreConnector */,
				8959A3D5225B49D800EC2EA1 /* AppStoreConnectorTests */,
				8959A3E2225B4ADE00EC2EA1 /* Configurations */,
				8959A3C9225B49D800EC2EA1 /* Products */,
				89D7EDA6225CC6C20095007B /* Frameworks */,
			);
			sourceTree = "<group>";
		};
		8959A3C9225B49D800EC2EA1 /* Products */ = {
			isa = PBXGroup;
			children = (
				8959A3C8225B49D800EC2EA1 /* AppStoreConnector.framework */,
				8959A3D1225B49D800EC2EA1 /* AppStoreConnectorTests.xctest */,
			);
			name = Products;
			sourceTree = "<group>";
		};
		8959A3CA225B49D800EC2EA1 /* AppStoreConnector */ = {
			isa = PBXGroup;
			children = (
				8959A3F0225B4B2900EC2EA1 /* Sources */,
				8959A3F1225B4B3F00EC2EA1 /* Configurations */,
			);
			path = AppStoreConnector;
			sourceTree = "<group>";
		};
		8959A3D5225B49D800EC2EA1 /* AppStoreConnectorTests */ = {
			isa = PBXGroup;
			children = (
				8959A3F3225B4BEB00EC2EA1 /* Sources */,
				8959A3F6225B4C0600EC2EA1 /* Configurations */,
			);
			path = AppStoreConnectorTests;
			sourceTree = "<group>";
		};
		8959A3E2225B4ADE00EC2EA1 /* Configurations */ = {
			isa = PBXGroup;
			children = (
				8959A3E3225B4ADE00EC2EA1 /* Configurations */,
				8959A3E6225B4ADE00EC2EA1 /* Platforms */,
				8959A3E9225B4ADE00EC2EA1 /* Targets */,
				8959A3EE225B4ADE00EC2EA1 /* Version.xcconfig */,
				8959A3EF225B4ADE00EC2EA1 /* Project.xcconfig */,
			);
			name = Configurations;
			path = ../Shared/Configurations;
			sourceTree = "<group>";
		};
		8959A3E3225B4ADE00EC2EA1 /* Configurations */ = {
			isa = PBXGroup;
			children = (
				8959A3E4225B4ADE00EC2EA1 /* Debug.xcconfig */,
				8959A3E5225B4ADE00EC2EA1 /* Release.xcconfig */,
			);
			path = Configurations;
			sourceTree = "<group>";
		};
		8959A3E6225B4ADE00EC2EA1 /* Platforms */ = {
			isa = PBXGroup;
			children = (
				8959A3E7225B4ADE00EC2EA1 /* OSX.xcconfig */,
				8959A3E8225B4ADE00EC2EA1 /* iOS.xcconfig */,
				89D7EDA5225CC3950095007B /* All.xcconfig */,
			);
			path = Platforms;
			sourceTree = "<group>";
		};
		8959A3E9225B4ADE00EC2EA1 /* Targets */ = {
			isa = PBXGroup;
			children = (
				8959A3EA225B4ADE00EC2EA1 /* App.xcconfig */,
				8959A3EB225B4ADE00EC2EA1 /* Framework.xcconfig */,
				8959A3EC225B4ADE00EC2EA1 /* UITest.xcconfig */,
				8959A3ED225B4ADE00EC2EA1 /* Test.xcconfig */,
			);
			path = Targets;
			sourceTree = "<group>";
		};
		8959A3F0225B4B2900EC2EA1 /* Sources */ = {
			isa = PBXGroup;
			children = (
				8959A40A225BE81500EC2EA1 /* Extensions */,
				89D1E54B225E1A8B00342450 /* Utilities */,
				89D7ED9F225C5DF50095007B /* Crypto */,
				8959A3FC225B9C2500EC2EA1 /* Authentication */,
				89D1E548225E197F00342450 /* Networking */,
			);
			path = Sources;
			sourceTree = "<group>";
		};
		8959A3F1225B4B3F00EC2EA1 /* Configurations */ = {
			isa = PBXGroup;
			children = (
				8959A3F2225B4B8200EC2EA1 /* AppStoreConnector.xcconfig */,
				8959A3CC225B49D800EC2EA1 /* Info.plist */,
			);
			path = Configurations;
			sourceTree = "<group>";
		};
		8959A3F3225B4BEB00EC2EA1 /* Sources */ = {
			isa = PBXGroup;
			children = (
				8959A3F4225B4C0300EC2EA1 /* ProjectTests.swift */,
				89D7EDA0225C5E080095007B /* Crypto */,
				8959A3FF225B9CE900EC2EA1 /* Authentication */,
				89D1E54E225E1DEE00342450 /* Networking */,
				89D1E543225E103A00342450 /* Integration */,
			);
			path = Sources;
			sourceTree = "<group>";
		};
		8959A3F6225B4C0600EC2EA1 /* Configurations */ = {
			isa = PBXGroup;
			children = (
				8959A3F7225B4C8F00EC2EA1 /* AppStoreConnectorTests.xcconfig */,
				8959A3D8225B49D800EC2EA1 /* Info.plist */,
			);
			path = Configurations;
			sourceTree = "<group>";
		};
		8959A3FC225B9C2500EC2EA1 /* Authentication */ = {
			isa = PBXGroup;
			children = (
				8959A404225BAD9A00EC2EA1 /* AuthTokenGenerator.swift */,
			);
			path = Authentication;
			sourceTree = "<group>";
		};
		8959A3FF225B9CE900EC2EA1 /* Authentication */ = {
			isa = PBXGroup;
			children = (
				8959A406225BAF5100EC2EA1 /* TokenGeneratorTests.swift */,
			);
			path = Authentication;
			sourceTree = "<group>";
		};
		8959A40A225BE81500EC2EA1 /* Extensions */ = {
			isa = PBXGroup;
			children = (
				8959A40B225BE82100EC2EA1 /* Data+base64URLEncoded.swift */,
			);
			path = Extensions;
			sourceTree = "<group>";
		};
		89D1E543225E103A00342450 /* Integration */ = {
			isa = PBXGroup;
			children = (
				89D1E544225E105900342450 /* IntegrationTests.swift */,
			);
			path = Integration;
			sourceTree = "<group>";
		};
		89D1E548225E197F00342450 /* Networking */ = {
			isa = PBXGroup;
			children = (
				89D1E557225E2E8200342450 /* RequestGenerator.swift */,
				89D1E54F225E1E4000342450 /* AuthenticatedRequestGenerator.swift */,
				89D1E553225E2C9400342450 /* NetworkingDelegate.swift */,
				89D1E549225E19B300342450 /* Connection.swift */,
			);
			path = Networking;
			sourceTree = "<group>";
		};
		89D1E54B225E1A8B00342450 /* Utilities */ = {
			isa = PBXGroup;
			children = (
				89D1E54C225E1AD300342450 /* Mutating.swift */,
			);
			path = Utilities;
			sourceTree = "<group>";
		};
		89D1E54E225E1DEE00342450 /* Networking */ = {
			isa = PBXGroup;
			children = (
				89D1E551225E1EE200342450 /* AuthenticatedRequestGeneratorTests.swift */,
				89D1E555225E2E4700342450 /* ConnectionTests.swift */,
			);
			path = Networking;
			sourceTree = "<group>";
		};
		89D7ED9F225C5DF50095007B /* Crypto */ = {
			isa = PBXGroup;
			children = (
				89D7EDA3225C98F90095007B /* ASN1Scanner.swift */,
				8959A402225BA11400EC2EA1 /* EC256PrivateKey.swift */,
				89D7EDA1225C61E40095007B /* ES256Signature.swift */,
			);
			path = Crypto;
			sourceTree = "<group>";
		};
		89D7EDA0225C5E080095007B /* Crypto */ = {
			isa = PBXGroup;
			children = (
				8959A408225BAF7B00EC2EA1 /* SampleKey.swift */,
				8959A400225B9CF600EC2EA1 /* EC256PrivateKeyTests.swift */,
			);
			path = Crypto;
			sourceTree = "<group>";
		};
		89D7EDA6225CC6C20095007B /* Frameworks */ = {
			isa = PBXGroup;
			children = (
				89D1E546225E157800342450 /* RxBlocking.framework */,
				89D7EDA7225CC6C30095007B /* RxAtomic.framework */,
				89D7EDA9225CC6C30095007B /* RxCocoa.framework */,
				89D7EDAB225CC6C30095007B /* RxSwift.framework */,
			);
			name = Frameworks;
			sourceTree = "<group>";
		};
/* End PBXGroup section */

/* Begin PBXHeadersBuildPhase section */
		8959A3C3225B49D800EC2EA1 /* Headers */ = {
			isa = PBXHeadersBuildPhase;
			buildActionMask = 2147483647;
			files = (
			);
			runOnlyForDeploymentPostprocessing = 0;
		};
/* End PBXHeadersBuildPhase section */

/* Begin PBXNativeTarget section */
		8959A3C7225B49D800EC2EA1 /* AppStoreConnector */ = {
			isa = PBXNativeTarget;
			buildConfigurationList = 8959A3DC225B49D800EC2EA1 /* Build configuration list for PBXNativeTarget "AppStoreConnector" */;
			buildPhases = (
				8959A3C3225B49D800EC2EA1 /* Headers */,
				8959A3C4225B49D800EC2EA1 /* Sources */,
				8959A3C5225B49D800EC2EA1 /* Frameworks */,
				8959A3C6225B49D800EC2EA1 /* Resources */,
			);
			buildRules = (
			);
			dependencies = (
			);
			name = AppStoreConnector;
			productName = AppStoreConnector;
			productReference = 8959A3C8225B49D800EC2EA1 /* AppStoreConnector.framework */;
			productType = "com.apple.product-type.framework";
		};
		8959A3D0225B49D800EC2EA1 /* AppStoreConnectorTests */ = {
			isa = PBXNativeTarget;
			buildConfigurationList = 8959A3DF225B49D800EC2EA1 /* Build configuration list for PBXNativeTarget "AppStoreConnectorTests" */;
			buildPhases = (
				8959A3CD225B49D800EC2EA1 /* Sources */,
				8959A3CE225B49D800EC2EA1 /* Frameworks */,
				8959A3CF225B49D800EC2EA1 /* Resources */,
			);
			buildRules = (
			);
			dependencies = (
				8959A3D4225B49D800EC2EA1 /* PBXTargetDependency */,
			);
			name = AppStoreConnectorTests;
			productName = AppStoreConnectorTests;
			productReference = 8959A3D1225B49D800EC2EA1 /* AppStoreConnectorTests.xctest */;
			productType = "com.apple.product-type.bundle.unit-test";
		};
/* End PBXNativeTarget section */

/* Begin PBXProject section */
		8959A3BF225B49D800EC2EA1 /* Project object */ = {
			isa = PBXProject;
			attributes = {
				LastSwiftUpdateCheck = 1020;
				LastUpgradeCheck = 1020;
				ORGANIZATIONNAME = "Mo Ramezanpoor";
				TargetAttributes = {
					8959A3C7225B49D800EC2EA1 = {
						CreatedOnToolsVersion = 10.2;
						LastSwiftMigration = 1020;
					};
					8959A3D0225B49D800EC2EA1 = {
						CreatedOnToolsVersion = 10.2;
						LastSwiftMigration = 1020;
					};
				};
			};
			buildConfigurationList = 8959A3C2225B49D800EC2EA1 /* Build configuration list for PBXProject "AppStoreConnector" */;
			compatibilityVersion = "Xcode 9.3";
			developmentRegion = en;
			hasScannedForEncodings = 0;
			knownRegions = (
				en,
				Base,
			);
			mainGroup = 8959A3BE225B49D800EC2EA1;
			productRefGroup = 8959A3C9225B49D800EC2EA1 /* Products */;
			projectDirPath = "";
			projectRoot = "";
			targets = (
				8959A3C7225B49D800EC2EA1 /* AppStoreConnector */,
				8959A3D0225B49D800EC2EA1 /* AppStoreConnectorTests */,
			);
		};
/* End PBXProject section */

/* Begin PBXResourcesBuildPhase section */
		8959A3C6225B49D800EC2EA1 /* Resources */ = {
			isa = PBXResourcesBuildPhase;
			buildActionMask = 2147483647;
			files = (
			);
			runOnlyForDeploymentPostprocessing = 0;
		};
		8959A3CF225B49D800EC2EA1 /* Resources */ = {
			isa = PBXResourcesBuildPhase;
			buildActionMask = 2147483647;
			files = (
			);
			runOnlyForDeploymentPostprocessing = 0;
		};
/* End PBXResourcesBuildPhase section */

/* Begin PBXSourcesBuildPhase section */
		8959A3C4225B49D800EC2EA1 /* Sources */ = {
			isa = PBXSourcesBuildPhase;
			buildActionMask = 2147483647;
			files = (
				8959A403225BA11400EC2EA1 /* EC256PrivateKey.swift in Sources */,
				89D1E550225E1E4000342450 /* AuthenticatedRequestGenerator.swift in Sources */,
				89D7EDA2225C61E40095007B /* ES256Signature.swift in Sources */,
				89D1E554225E2C9400342450 /* NetworkingDelegate.swift in Sources */,
				89D1E54D225E1AD300342450 /* Mutating.swift in Sources */,
				8959A40C225BE82100EC2EA1 /* Data+base64URLEncoded.swift in Sources */,
				8959A405225BAD9A00EC2EA1 /* AuthTokenGenerator.swift in Sources */,
				89D7EDA4225C98F90095007B /* ASN1Scanner.swift in Sources */,
				89D1E54A225E19B300342450 /* Connection.swift in Sources */,
				89D1E558225E2E8200342450 /* RequestGenerator.swift in Sources */,
			);
			runOnlyForDeploymentPostprocessing = 0;
		};
		8959A3CD225B49D800EC2EA1 /* Sources */ = {
			isa = PBXSourcesBuildPhase;
			buildActionMask = 2147483647;
			files = (
				8959A407225BAF5100EC2EA1 /* TokenGeneratorTests.swift in Sources */,
				8959A409225BAF7B00EC2EA1 /* SampleKey.swift in Sources */,
				89D1E545225E105900342450 /* IntegrationTests.swift in Sources */,
				89D1E556225E2E4700342450 /* ConnectionTests.swift in Sources */,
				8959A3F5225B4C0300EC2EA1 /* ProjectTests.swift in Sources */,
				8959A401225B9CF600EC2EA1 /* EC256PrivateKeyTests.swift in Sources */,
				89D1E552225E1EE200342450 /* AuthenticatedRequestGeneratorTests.swift in Sources */,
			);
			runOnlyForDeploymentPostprocessing = 0;
		};
/* End PBXSourcesBuildPhase section */

/* Begin PBXTargetDependency section */
		8959A3D4225B49D800EC2EA1 /* PBXTargetDependency */ = {
			isa = PBXTargetDependency;
			target = 8959A3C7225B49D800EC2EA1 /* AppStoreConnector */;
			targetProxy = 8959A3D3225B49D800EC2EA1 /* PBXContainerItemProxy */;
		};
/* End PBXTargetDependency section */

/* Begin XCBuildConfiguration section */
		8959A3DA225B49D800EC2EA1 /* Debug */ = {
			isa = XCBuildConfiguration;
			baseConfigurationReference = 8959A3E4225B4ADE00EC2EA1 /* Debug.xcconfig */;
			buildSettings = {
			};
			name = Debug;
		};
		8959A3DB225B49D800EC2EA1 /* Release */ = {
			isa = XCBuildConfiguration;
			baseConfigurationReference = 8959A3E5225B4ADE00EC2EA1 /* Release.xcconfig */;
			buildSettings = {
			};
			name = Release;
		};
		8959A3DD225B49D800EC2EA1 /* Debug */ = {
			isa = XCBuildConfiguration;
			baseConfigurationReference = 8959A3F2225B4B8200EC2EA1 /* AppStoreConnector.xcconfig */;
			buildSettings = {
			};
			name = Debug;
		};
		8959A3DE225B49D800EC2EA1 /* Release */ = {
			isa = XCBuildConfiguration;
			baseConfigurationReference = 8959A3F2225B4B8200EC2EA1 /* AppStoreConnector.xcconfig */;
			buildSettings = {
			};
			name = Release;
		};
		8959A3E0225B49D800EC2EA1 /* Debug */ = {
			isa = XCBuildConfiguration;
			baseConfigurationReference = 8959A3F7225B4C8F00EC2EA1 /* AppStoreConnectorTests.xcconfig */;
			buildSettings = {
			};
			name = Debug;
		};
		8959A3E1225B49D800EC2EA1 /* Release */ = {
			isa = XCBuildConfiguration;
			baseConfigurationReference = 8959A3F7225B4C8F00EC2EA1 /* AppStoreConnectorTests.xcconfig */;
			buildSettings = {
			};
			name = Release;
		};
/* End XCBuildConfiguration section */

/* Begin XCConfigurationList section */
		8959A3C2225B49D800EC2EA1 /* Build configuration list for PBXProject "AppStoreConnector" */ = {
			isa = XCConfigurationList;
			buildConfigurations = (
				8959A3DA225B49D800EC2EA1 /* Debug */,
				8959A3DB225B49D800EC2EA1 /* Release */,
			);
			defaultConfigurationIsVisible = 0;
			defaultConfigurationName = Release;
		};
		8959A3DC225B49D800EC2EA1 /* Build configuration list for PBXNativeTarget "AppStoreConnector" */ = {
			isa = XCConfigurationList;
			buildConfigurations = (
				8959A3DD225B49D800EC2EA1 /* Debug */,
				8959A3DE225B49D800EC2EA1 /* Release */,
			);
			defaultConfigurationIsVisible = 0;
			defaultConfigurationName = Release;
		};
		8959A3DF225B49D800EC2EA1 /* Build configuration list for PBXNativeTarget "AppStoreConnectorTests" */ = {
			isa = XCConfigurationList;
			buildConfigurations = (
				8959A3E0225B49D800EC2EA1 /* Debug */,
				8959A3E1225B49D800EC2EA1 /* Release */,
			);
			defaultConfigurationIsVisible = 0;
			defaultConfigurationName = Release;
		};
/* End XCConfigurationList section */
	};
	rootObject = 8959A3BF225B49D800EC2EA1 /* Project object */;
}
